
Microsoft Visual Studio Solution File, Format Version 12.00
# Visual Studio Version 17
VisualStudioVersion = 17.6.33723.286
MinimumVisualStudioVersion = 10.0.40219.1
Project("{FAE04EC0-301F-11D3-BF4B-00C04F79EFBC}") = "WebTest", "WebTest\WebTest.csproj", "{BF8EAEA0-1934-4D07-A4B6-F245F6AFCC34}"
EndProject
Global
	GlobalSection(SolutionConfigurationPlatforms) = preSolution
		Debug|Any CPU = Debug|Any CPU
		Release|Any CPU = Release|Any CPU
	EndGlobalSection
	GlobalSection(ProjectConfigurationPlatforms) = postSolution
		{BF8EAEA0-1934-4D07-A4B6-F245F6AFCC34}.Debug|Any CPU.ActiveCfg = Debug|Any CPU
		{BF8EAEA0-1934-4D07-A4B6-F245F6AFCC34}.Debug|Any CPU.Build.0 = Debug|Any CPU
		{BF8EAEA0-1934-4D07-A4B6-F245F6AFCC34}.Release|Any CPU.ActiveCfg = Release|Any CPU
		{BF8EAEA0-1934-4D07-A4B6-F245F6AFCC34}.Release|Any CPU.Build.0 = Release|Any CPU
	EndGlobalSection
	GlobalSection(SolutionProperties) = preSolution
		HideSolutionNode = FALSE
	EndGlobalSection
	GlobalSection(ExtensibilityGlobals) = postSolution
		SolutionGuid = {E11A84C2-0791-4012-B5FB-60F0065BCFCB}
	EndGlobalSection
EndGlobal
